// !$*UTF8*$!
{
	archiveVersion = 1;
	classes = {
	};
	objectVersion = 46;
	objects = {

/* Begin PBXBuildFile section */
		7B10AE62178619D000E8A8EC /* CFNetwork.framework in Frameworks */ = {isa = PBXBuildFile; fileRef = 7B10AE61178619D000E8A8EC /* CFNetwork.framework */; };
		7B10AE64178619DD00E8A8EC /* SystemConfiguration.framework in Frameworks */ = {isa = PBXBuildFile; fileRef = 7B10AE63178619DD00E8A8EC /* SystemConfiguration.framework */; };
		7B10AE66178619EC00E8A8EC /* MobileCoreServices.framework in Frameworks */ = {isa = PBXBuildFile; fileRef = 7B10AE65178619EC00E8A8EC /* MobileCoreServices.framework */; };
		7B10AE68178619FE00E8A8EC /* libz.dylib in Frameworks */ = {isa = PBXBuildFile; fileRef = 7B10AE67178619FE00E8A8EC /* libz.dylib */; };
		7B7034111782352200CEF168 /* AddressBook.framework in Frameworks */ = {isa = PBXBuildFile; fileRef = 7B70340F1782352200CEF168 /* AddressBook.framework */; };
		7B7034121782352200CEF168 /* AddressBookUI.framework in Frameworks */ = {isa = PBXBuildFile; fileRef = 7B7034101782352200CEF168 /* AddressBookUI.framework */; };
		7B7034141782353500CEF168 /* AudioToolbox.framework in Frameworks */ = {isa = PBXBuildFile; fileRef = 7B7034131782353500CEF168 /* AudioToolbox.framework */; };
		7B7034161782355D00CEF168 /* libiconv.dylib in Frameworks */ = {isa = PBXBuildFile; fileRef = 7B7034151782355D00CEF168 /* libiconv.dylib */; };
		7B7034171782356700CEF168 /* libZXingWidget.a in Frameworks */ = {isa = PBXBuildFile; fileRef = 7B70340A1782347600CEF168 /* libZXingWidget.a */; };
		7BBE3F111783092600E24225 /* beep-beep.aiff in Resources */ = {isa = PBXBuildFile; fileRef = 7BBE3F101783092600E24225 /* beep-beep.aiff */; };
		7BF9F34A179D8F9C00E0B142 /* MenuViewController_iphone.xib in Resources */ = {isa = PBXBuildFile; fileRef = 7BF9F349179D8F9C00E0B142 /* MenuViewController_iphone.xib */; };
		9A36E8FE17839CDA00D05282 /* APIManagement.m in Sources */ = {isa = PBXBuildFile; fileRef = 9A36E8FD17839CDA00D05282 /* APIManagement.m */; };
		9A36E91A17839F1F00D05282 /* ASIAuthenticationDialog.m in Sources */ = {isa = PBXBuildFile; fileRef = 9A36E90317839F1F00D05282 /* ASIAuthenticationDialog.m */; };
		9A36E91B17839F1F00D05282 /* ASIDataCompressor.m in Sources */ = {isa = PBXBuildFile; fileRef = 9A36E90617839F1F00D05282 /* ASIDataCompressor.m */; };
		9A36E91C17839F1F00D05282 /* ASIDataDecompressor.m in Sources */ = {isa = PBXBuildFile; fileRef = 9A36E90817839F1F00D05282 /* ASIDataDecompressor.m */; };
		9A36E91D17839F1F00D05282 /* ASIDownloadCache.m in Sources */ = {isa = PBXBuildFile; fileRef = 9A36E90A17839F1F00D05282 /* ASIDownloadCache.m */; };
		9A36E91E17839F1F00D05282 /* ASIFormDataRequest.m in Sources */ = {isa = PBXBuildFile; fileRef = 9A36E90C17839F1F00D05282 /* ASIFormDataRequest.m */; };
		9A36E91F17839F1F00D05282 /* ASIHTTPRequest.m in Sources */ = {isa = PBXBuildFile; fileRef = 9A36E90E17839F1F00D05282 /* ASIHTTPRequest.m */; };
		9A36E92017839F1F00D05282 /* ASIInputStream.m in Sources */ = {isa = PBXBuildFile; fileRef = 9A36E91217839F1F00D05282 /* ASIInputStream.m */; };
		9A36E92117839F1F00D05282 /* ASINetworkQueue.m in Sources */ = {isa = PBXBuildFile; fileRef = 9A36E91417839F1F00D05282 /* ASINetworkQueue.m */; };
		9A36E92217839F1F00D05282 /* Reachability.m in Sources */ = {isa = PBXBuildFile; fileRef = 9A36E91917839F1F00D05282 /* Reachability.m */; };
		9A36E9251783A2DE00D05282 /* ProductViewCell.m in Sources */ = {isa = PBXBuildFile; fileRef = 9A36E9241783A2DE00D05282 /* ProductViewCell.m */; };
		9A36E9271783A2F900D05282 /* ProductViewCell.xib in Resources */ = {isa = PBXBuildFile; fileRef = 9A36E9261783A2F900D05282 /* ProductViewCell.xib */; };
		9A4E891F178BD98800F4D647 /* TBXML+Compression.m in Sources */ = {isa = PBXBuildFile; fileRef = 9A4E891A178BD98800F4D647 /* TBXML+Compression.m */; };
		9A4E8920178BD98800F4D647 /* TBXML+HTTP.m in Sources */ = {isa = PBXBuildFile; fileRef = 9A4E891C178BD98800F4D647 /* TBXML+HTTP.m */; };
		9A4E8921178BD98800F4D647 /* TBXML.m in Sources */ = {isa = PBXBuildFile; fileRef = 9A4E891E178BD98800F4D647 /* TBXML.m */; };
		9AC49CDE1780CD2B00197B12 /* AVFoundation.framework in Frameworks */ = {isa = PBXBuildFile; fileRef = 9AC49CDD1780CD2B00197B12 /* AVFoundation.framework */; };
		9AC49CE01780CD3C00197B12 /* CoreMedia.framework in Frameworks */ = {isa = PBXBuildFile; fileRef = 9AC49CDF1780CD3C00197B12 /* CoreMedia.framework */; };
		9AC49CE21780CD4800197B12 /* CoreVideo.framework in Frameworks */ = {isa = PBXBuildFile; fileRef = 9AC49CE11780CD4800197B12 /* CoreVideo.framework */; };
		9AC49CE41780CD5300197B12 /* ImageIO.framework in Frameworks */ = {isa = PBXBuildFile; fileRef = 9AC49CE31780CD5300197B12 /* ImageIO.framework */; };
		9AC49CE61780CD5E00197B12 /* QuartzCore.framework in Frameworks */ = {isa = PBXBuildFile; fileRef = 9AC49CE51780CD5E00197B12 /* QuartzCore.framework */; };
		9AD45CDA177D760F00EFDD27 /* UIKit.framework in Frameworks */ = {isa = PBXBuildFile; fileRef = 9AD45CD9177D760F00EFDD27 /* UIKit.framework */; };
		9AD45CDC177D760F00EFDD27 /* Foundation.framework in Frameworks */ = {isa = PBXBuildFile; fileRef = 9AD45CDB177D760F00EFDD27 /* Foundation.framework */; };
		9AD45CDE177D760F00EFDD27 /* CoreGraphics.framework in Frameworks */ = {isa = PBXBuildFile; fileRef = 9AD45CDD177D760F00EFDD27 /* CoreGraphics.framework */; };
		9AD45CE4177D760F00EFDD27 /* InfoPlist.strings in Resources */ = {isa = PBXBuildFile; fileRef = 9AD45CE2177D760F00EFDD27 /* InfoPlist.strings */; };
		9AD45CE6177D760F00EFDD27 /* main.m in Sources */ = {isa = PBXBuildFile; fileRef = 9AD45CE5177D760F00EFDD27 /* main.m */; };
		9AD45CEA177D760F00EFDD27 /* AppDelegate.m in Sources */ = {isa = PBXBuildFile; fileRef = 9AD45CE9177D760F00EFDD27 /* AppDelegate.m */; };
		9AD45CEC177D760F00EFDD27 /* Default.png in Resources */ = {isa = PBXBuildFile; fileRef = 9AD45CEB177D760F00EFDD27 /* Default.png */; };
		9AD45CEE177D760F00EFDD27 /* Default@2x.png in Resources */ = {isa = PBXBuildFile; fileRef = 9AD45CED177D760F00EFDD27 /* Default@2x.png */; };
		9AD45CF0177D760F00EFDD27 /* Default-568h@2x.png in Resources */ = {isa = PBXBuildFile; fileRef = 9AD45CEF177D760F00EFDD27 /* Default-568h@2x.png */; };
		9AD45D22177D895600EFDD27 /* MenuViewController.h in Sources */ = {isa = PBXBuildFile; fileRef = 9AD45D17177D894800EFDD27 /* MenuViewController.h */; };
		9AD45D23177D895600EFDD27 /* MenuViewController.mm in Sources */ = {isa = PBXBuildFile; fileRef = 9AD45D18177D894800EFDD27 /* MenuViewController.mm */; };
		9AD45D24177D895600EFDD27 /* MenuViewController.xib in Sources */ = {isa = PBXBuildFile; fileRef = 9AD45D19177D894800EFDD27 /* MenuViewController.xib */; };
		9AD45D25177D895600EFDD27 /* ScanViewController.h in Sources */ = {isa = PBXBuildFile; fileRef = 9AD45D1B177D894800EFDD27 /* ScanViewController.h */; };
		9AD45D26177D895600EFDD27 /* ScanViewController.mm in Sources */ = {isa = PBXBuildFile; fileRef = 9AD45D1C177D894800EFDD27 /* ScanViewController.mm */; };
		9AD45D27177D895600EFDD27 /* ScanViewController.xib in Sources */ = {isa = PBXBuildFile; fileRef = 9AD45D1D177D894800EFDD27 /* ScanViewController.xib */; };
		9AD45D28177D895600EFDD27 /* BookingViewController.h in Sources */ = {isa = PBXBuildFile; fileRef = 9AD45D1F177D894800EFDD27 /* BookingViewController.h */; };
		9AD45D29177D895600EFDD27 /* BookingViewController.m in Sources */ = {isa = PBXBuildFile; fileRef = 9AD45D20177D894800EFDD27 /* BookingViewController.m */; };
		9AD45D2A177D895600EFDD27 /* BookingViewController.xib in Sources */ = {isa = PBXBuildFile; fileRef = 9AD45D21177D894800EFDD27 /* BookingViewController.xib */; };
		9AD45D2F177DA11400EFDD27 /* Inspiration_FunctionHelper.m in Sources */ = {isa = PBXBuildFile; fileRef = 9AD45D2E177DA11400EFDD27 /* Inspiration_FunctionHelper.m */; };
/* End PBXBuildFile section */

/* Begin PBXContainerItemProxy section */
		7B7034091782347600CEF168 /* PBXContainerItemProxy */ = {
			isa = PBXContainerItemProxy;
			containerPortal = 7B7034011782347500CEF168 /* ZXingWidget.xcodeproj */;
			proxyType = 2;
			remoteGlobalIDString = D2AAC07E0554694100DB518D;
			remoteInfo = ZXingWidget;
		};
		7B70340B1782347600CEF168 /* PBXContainerItemProxy */ = {
			isa = PBXContainerItemProxy;
			containerPortal = 7B7034011782347500CEF168 /* ZXingWidget.xcodeproj */;
			proxyType = 2;
			remoteGlobalIDString = 1D60398D13DF7CAD006F4B51;
			remoteInfo = ZXingTests;
		};
		7B70340D178234FC00CEF168 /* PBXContainerItemProxy */ = {
			isa = PBXContainerItemProxy;
			containerPortal = 7B7034011782347500CEF168 /* ZXingWidget.xcodeproj */;
			proxyType = 1;
			remoteGlobalIDString = D2AAC07D0554694100DB518D;
			remoteInfo = ZXingWidget;
		};
/* End PBXContainerItemProxy section */

/* Begin PBXFileReference section */
		7B10AE61178619D000E8A8EC /* CFNetwork.framework */ = {isa = PBXFileReference; lastKnownFileType = wrapper.framework; name = CFNetwork.framework; path = System/Library/Frameworks/CFNetwork.framework; sourceTree = SDKROOT; };
		7B10AE63178619DD00E8A8EC /* SystemConfiguration.framework */ = {isa = PBXFileReference; lastKnownFileType = wrapper.framework; name = SystemConfiguration.framework; path = System/Library/Frameworks/SystemConfiguration.framework; sourceTree = SDKROOT; };
		7B10AE65178619EC00E8A8EC /* MobileCoreServices.framework */ = {isa = PBXFileReference; lastKnownFileType = wrapper.framework; name = MobileCoreServices.framework; path = System/Library/Frameworks/MobileCoreServices.framework; sourceTree = SDKROOT; };
		7B10AE67178619FE00E8A8EC /* libz.dylib */ = {isa = PBXFileReference; lastKnownFileType = "compiled.mach-o.dylib"; name = libz.dylib; path = usr/lib/libz.dylib; sourceTree = SDKROOT; };
		7B7034011782347500CEF168 /* ZXingWidget.xcodeproj */ = {isa = PBXFileReference; lastKnownFileType = "wrapper.pb-project"; name = ZXingWidget.xcodeproj; path = iphone/ZXingWidget/ZXingWidget.xcodeproj; sourceTree = SOURCE_ROOT; };
		7B70340F1782352200CEF168 /* AddressBook.framework */ = {isa = PBXFileReference; lastKnownFileType = wrapper.framework; name = AddressBook.framework; path = System/Library/Frameworks/AddressBook.framework; sourceTree = SDKROOT; };
		7B7034101782352200CEF168 /* AddressBookUI.framework */ = {isa = PBXFileReference; lastKnownFileType = wrapper.framework; name = AddressBookUI.framework; path = System/Library/Frameworks/AddressBookUI.framework; sourceTree = SDKROOT; };
		7B7034131782353500CEF168 /* AudioToolbox.framework */ = {isa = PBXFileReference; lastKnownFileType = wrapper.framework; name = AudioToolbox.framework; path = System/Library/Frameworks/AudioToolbox.framework; sourceTree = SDKROOT; };
		7B7034151782355D00CEF168 /* libiconv.dylib */ = {isa = PBXFileReference; lastKnownFileType = "compiled.mach-o.dylib"; name = libiconv.dylib; path = usr/lib/libiconv.dylib; sourceTree = SDKROOT; };
		7BBE3F101783092600E24225 /* beep-beep.aiff */ = {isa = PBXFileReference; lastKnownFileType = audio.aiff; path = "beep-beep.aiff"; sourceTree = "<group>"; };
		7BF9F349179D8F9C00E0B142 /* MenuViewController_iphone.xib */ = {isa = PBXFileReference; fileEncoding = 4; lastKnownFileType = file.xib; path = MenuViewController_iphone.xib; sourceTree = "<group>"; };
		9A36E8FB1783954F00D05282 /* GeneralDefinition.h */ = {isa = PBXFileReference; fileEncoding = 4; lastKnownFileType = sourcecode.c.h; path = GeneralDefinition.h; sourceTree = "<group>"; };
		9A36E8FC17839CDA00D05282 /* APIManagement.h */ = {isa = PBXFileReference; fileEncoding = 4; lastKnownFileType = sourcecode.c.h; path = APIManagement.h; sourceTree = "<group>"; };
		9A36E8FD17839CDA00D05282 /* APIManagement.m */ = {isa = PBXFileReference; fileEncoding = 4; lastKnownFileType = sourcecode.c.objc; path = APIManagement.m; sourceTree = "<group>"; };
		9A36E90217839F1F00D05282 /* ASIAuthenticationDialog.h */ = {isa = PBXFileReference; fileEncoding = 4; lastKnownFileType = sourcecode.c.h; path = ASIAuthenticationDialog.h; sourceTree = "<group>"; };
		9A36E90317839F1F00D05282 /* ASIAuthenticationDialog.m */ = {isa = PBXFileReference; fileEncoding = 4; lastKnownFileType = sourcecode.c.objc; path = ASIAuthenticationDialog.m; sourceTree = "<group>"; };
		9A36E90417839F1F00D05282 /* ASICacheDelegate.h */ = {isa = PBXFileReference; fileEncoding = 4; lastKnownFileType = sourcecode.c.h; path = ASICacheDelegate.h; sourceTree = "<group>"; };
		9A36E90517839F1F00D05282 /* ASIDataCompressor.h */ = {isa = PBXFileReference; fileEncoding = 4; lastKnownFileType = sourcecode.c.h; path = ASIDataCompressor.h; sourceTree = "<group>"; };
		9A36E90617839F1F00D05282 /* ASIDataCompressor.m */ = {isa = PBXFileReference; fileEncoding = 4; lastKnownFileType = sourcecode.c.objc; path = ASIDataCompressor.m; sourceTree = "<group>"; };
		9A36E90717839F1F00D05282 /* ASIDataDecompressor.h */ = {isa = PBXFileReference; fileEncoding = 4; lastKnownFileType = sourcecode.c.h; path = ASIDataDecompressor.h; sourceTree = "<group>"; };
		9A36E90817839F1F00D05282 /* ASIDataDecompressor.m */ = {isa = PBXFileReference; fileEncoding = 4; lastKnownFileType = sourcecode.c.objc; path = ASIDataDecompressor.m; sourceTree = "<group>"; };
		9A36E90917839F1F00D05282 /* ASIDownloadCache.h */ = {isa = PBXFileReference; fileEncoding = 4; lastKnownFileType = sourcecode.c.h; path = ASIDownloadCache.h; sourceTree = "<group>"; };
		9A36E90A17839F1F00D05282 /* ASIDownloadCache.m */ = {isa = PBXFileReference; fileEncoding = 4; lastKnownFileType = sourcecode.c.objc; path = ASIDownloadCache.m; sourceTree = "<group>"; };
		9A36E90B17839F1F00D05282 /* ASIFormDataRequest.h */ = {isa = PBXFileReference; fileEncoding = 4; lastKnownFileType = sourcecode.c.h; path = ASIFormDataRequest.h; sourceTree = "<group>"; };
		9A36E90C17839F1F00D05282 /* ASIFormDataRequest.m */ = {isa = PBXFileReference; fileEncoding = 4; lastKnownFileType = sourcecode.c.objc; path = ASIFormDataRequest.m; sourceTree = "<group>"; };
		9A36E90D17839F1F00D05282 /* ASIHTTPRequest.h */ = {isa = PBXFileReference; fileEncoding = 4; lastKnownFileType = sourcecode.c.h; path = ASIHTTPRequest.h; sourceTree = "<group>"; };
		9A36E90E17839F1F00D05282 /* ASIHTTPRequest.m */ = {isa = PBXFileReference; fileEncoding = 4; lastKnownFileType = sourcecode.c.objc; path = ASIHTTPRequest.m; sourceTree = "<group>"; };
		9A36E90F17839F1F00D05282 /* ASIHTTPRequestConfig.h */ = {isa = PBXFileReference; fileEncoding = 4; lastKnownFileType = sourcecode.c.h; path = ASIHTTPRequestConfig.h; sourceTree = "<group>"; };
		9A36E91017839F1F00D05282 /* ASIHTTPRequestDelegate.h */ = {isa = PBXFileReference; fileEncoding = 4; lastKnownFileType = sourcecode.c.h; path = ASIHTTPRequestDelegate.h; sourceTree = "<group>"; };
		9A36E91117839F1F00D05282 /* ASIInputStream.h */ = {isa = PBXFileReference; fileEncoding = 4; lastKnownFileType = sourcecode.c.h; path = ASIInputStream.h; sourceTree = "<group>"; };
		9A36E91217839F1F00D05282 /* ASIInputStream.m */ = {isa = PBXFileReference; fileEncoding = 4; lastKnownFileType = sourcecode.c.objc; path = ASIInputStream.m; sourceTree = "<group>"; };
		9A36E91317839F1F00D05282 /* ASINetworkQueue.h */ = {isa = PBXFileReference; fileEncoding = 4; lastKnownFileType = sourcecode.c.h; path = ASINetworkQueue.h; sourceTree = "<group>"; };
		9A36E91417839F1F00D05282 /* ASINetworkQueue.m */ = {isa = PBXFileReference; fileEncoding = 4; lastKnownFileType = sourcecode.c.objc; path = ASINetworkQueue.m; sourceTree = "<group>"; };
		9A36E91517839F1F00D05282 /* ASIProgressDelegate.h */ = {isa = PBXFileReference; fileEncoding = 4; lastKnownFileType = sourcecode.c.h; path = ASIProgressDelegate.h; sourceTree = "<group>"; };
		9A36E91817839F1F00D05282 /* Reachability.h */ = {isa = PBXFileReference; fileEncoding = 4; lastKnownFileType = sourcecode.c.h; path = Reachability.h; sourceTree = "<group>"; };
		9A36E91917839F1F00D05282 /* Reachability.m */ = {isa = PBXFileReference; fileEncoding = 4; lastKnownFileType = sourcecode.c.objc; path = Reachability.m; sourceTree = "<group>"; };
		9A36E9231783A2DE00D05282 /* ProductViewCell.h */ = {isa = PBXFileReference; fileEncoding = 4; lastKnownFileType = sourcecode.c.h; path = ProductViewCell.h; sourceTree = "<group>"; };
		9A36E9241783A2DE00D05282 /* ProductViewCell.m */ = {isa = PBXFileReference; fileEncoding = 4; lastKnownFileType = sourcecode.c.objc; path = ProductViewCell.m; sourceTree = "<group>"; };
		9A36E9261783A2F900D05282 /* ProductViewCell.xib */ = {isa = PBXFileReference; fileEncoding = 4; lastKnownFileType = file.xib; path = ProductViewCell.xib; sourceTree = "<group>"; };
		9A4E8919178BD98800F4D647 /* TBXML+Compression.h */ = {isa = PBXFileReference; fileEncoding = 4; lastKnownFileType = sourcecode.c.h; path = "TBXML+Compression.h"; sourceTree = "<group>"; };
		9A4E891A178BD98800F4D647 /* TBXML+Compression.m */ = {isa = PBXFileReference; fileEncoding = 4; lastKnownFileType = sourcecode.c.objc; path = "TBXML+Compression.m"; sourceTree = "<group>"; };
		9A4E891B178BD98800F4D647 /* TBXML+HTTP.h */ = {isa = PBXFileReference; fileEncoding = 4; lastKnownFileType = sourcecode.c.h; path = "TBXML+HTTP.h"; sourceTree = "<group>"; };
		9A4E891C178BD98800F4D647 /* TBXML+HTTP.m */ = {isa = PBXFileReference; fileEncoding = 4; lastKnownFileType = sourcecode.c.objc; path = "TBXML+HTTP.m"; sourceTree = "<group>"; };
		9A4E891D178BD98800F4D647 /* TBXML.h */ = {isa = PBXFileReference; fileEncoding = 4; lastKnownFileType = sourcecode.c.h; path = TBXML.h; sourceTree = "<group>"; };
		9A4E891E178BD98800F4D647 /* TBXML.m */ = {isa = PBXFileReference; fileEncoding = 4; lastKnownFileType = sourcecode.c.objc; path = TBXML.m; sourceTree = "<group>"; };
		9AC49CDD1780CD2B00197B12 /* AVFoundation.framework */ = {isa = PBXFileReference; lastKnownFileType = wrapper.framework; name = AVFoundation.framework; path = System/Library/Frameworks/AVFoundation.framework; sourceTree = SDKROOT; };
		9AC49CDF1780CD3C00197B12 /* CoreMedia.framework */ = {isa = PBXFileReference; lastKnownFileType = wrapper.framework; name = CoreMedia.framework; path = System/Library/Frameworks/CoreMedia.framework; sourceTree = SDKROOT; };
		9AC49CE11780CD4800197B12 /* CoreVideo.framework */ = {isa = PBXFileReference; lastKnownFileType = wrapper.framework; name = CoreVideo.framework; path = System/Library/Frameworks/CoreVideo.framework; sourceTree = SDKROOT; };
		9AC49CE31780CD5300197B12 /* ImageIO.framework */ = {isa = PBXFileReference; lastKnownFileType = wrapper.framework; name = ImageIO.framework; path = System/Library/Frameworks/ImageIO.framework; sourceTree = SDKROOT; };
		9AC49CE51780CD5E00197B12 /* QuartzCore.framework */ = {isa = PBXFileReference; lastKnownFileType = wrapper.framework; name = QuartzCore.framework; path = System/Library/Frameworks/QuartzCore.framework; sourceTree = SDKROOT; };
		9AD45CD6177D760F00EFDD27 /* Mobile Management.app */ = {isa = PBXFileReference; explicitFileType = wrapper.application; includeInIndex = 0; path = "Mobile Management.app"; sourceTree = BUILT_PRODUCTS_DIR; };
		9AD45CD9177D760F00EFDD27 /* UIKit.framework */ = {isa = PBXFileReference; lastKnownFileType = wrapper.framework; name = UIKit.framework; path = System/Library/Frameworks/UIKit.framework; sourceTree = SDKROOT; };
		9AD45CDB177D760F00EFDD27 /* Foundation.framework */ = {isa = PBXFileReference; lastKnownFileType = wrapper.framework; name = Foundation.framework; path = System/Library/Frameworks/Foundation.framework; sourceTree = SDKROOT; };
		9AD45CDD177D760F00EFDD27 /* CoreGraphics.framework */ = {isa = PBXFileReference; lastKnownFileType = wrapper.framework; name = CoreGraphics.framework; path = System/Library/Frameworks/CoreGraphics.framework; sourceTree = SDKROOT; };
		9AD45CE1177D760F00EFDD27 /* Mobile Management-Info.plist */ = {isa = PBXFileReference; lastKnownFileType = text.plist.xml; path = "Mobile Management-Info.plist"; sourceTree = "<group>"; };
		9AD45CE3177D760F00EFDD27 /* en */ = {isa = PBXFileReference; lastKnownFileType = text.plist.strings; name = en; path = en.lproj/InfoPlist.strings; sourceTree = "<group>"; };
		9AD45CE5177D760F00EFDD27 /* main.m */ = {isa = PBXFileReference; lastKnownFileType = sourcecode.c.objc; path = main.m; sourceTree = "<group>"; };
		9AD45CE7177D760F00EFDD27 /* Mobile Management-Prefix.pch */ = {isa = PBXFileReference; lastKnownFileType = sourcecode.c.h; path = "Mobile Management-Prefix.pch"; sourceTree = "<group>"; };
		9AD45CE8177D760F00EFDD27 /* AppDelegate.h */ = {isa = PBXFileReference; lastKnownFileType = sourcecode.c.h; path = AppDelegate.h; sourceTree = "<group>"; };
		9AD45CE9177D760F00EFDD27 /* AppDelegate.m */ = {isa = PBXFileReference; lastKnownFileType = sourcecode.c.objc; path = AppDelegate.m; sourceTree = "<group>"; };
		9AD45CEB177D760F00EFDD27 /* Default.png */ = {isa = PBXFileReference; lastKnownFileType = image.png; path = Default.png; sourceTree = "<group>"; };
		9AD45CED177D760F00EFDD27 /* Default@2x.png */ = {isa = PBXFileReference; lastKnownFileType = image.png; path = "Default@2x.png"; sourceTree = "<group>"; };
		9AD45CEF177D760F00EFDD27 /* Default-568h@2x.png */ = {isa = PBXFileReference; lastKnownFileType = image.png; path = "Default-568h@2x.png"; sourceTree = "<group>"; };
		9AD45D17177D894800EFDD27 /* MenuViewController.h */ = {isa = PBXFileReference; lastKnownFileType = sourcecode.c.h; path = MenuViewController.h; sourceTree = "<group>"; };
		9AD45D18177D894800EFDD27 /* MenuViewController.mm */ = {isa = PBXFileReference; lastKnownFileType = sourcecode.cpp.objcpp; path = MenuViewController.mm; sourceTree = "<group>"; };
		9AD45D19177D894800EFDD27 /* MenuViewController.xib */ = {isa = PBXFileReference; lastKnownFileType = file.xib; path = MenuViewController.xib; sourceTree = "<group>"; };
		9AD45D1B177D894800EFDD27 /* ScanViewController.h */ = {isa = PBXFileReference; lastKnownFileType = sourcecode.c.h; path = ScanViewController.h; sourceTree = "<group>"; };
		9AD45D1C177D894800EFDD27 /* ScanViewController.mm */ = {isa = PBXFileReference; lastKnownFileType = sourcecode.cpp.objcpp; path = ScanViewController.mm; sourceTree = "<group>"; };
		9AD45D1D177D894800EFDD27 /* ScanViewController.xib */ = {isa = PBXFileReference; lastKnownFileType = file.xib; path = ScanViewController.xib; sourceTree = "<group>"; };
		9AD45D1F177D894800EFDD27 /* BookingViewController.h */ = {isa = PBXFileReference; lastKnownFileType = sourcecode.c.h; path = BookingViewController.h; sourceTree = "<group>"; };
		9AD45D20177D894800EFDD27 /* BookingViewController.m */ = {isa = PBXFileReference; lastKnownFileType = sourcecode.c.objc; path = BookingViewController.m; sourceTree = "<group>"; };
		9AD45D21177D894800EFDD27 /* BookingViewController.xib */ = {isa = PBXFileReference; lastKnownFileType = file.xib; path = BookingViewController.xib; sourceTree = "<group>"; };
		9AD45D2C177DA11400EFDD27 /* Inspiration_Definition.h */ = {isa = PBXFileReference; fileEncoding = 4; lastKnownFileType = sourcecode.c.h; path = Inspiration_Definition.h; sourceTree = "<group>"; };
		9AD45D2D177DA11400EFDD27 /* Inspiration_FunctionHelper.h */ = {isa = PBXFileReference; fileEncoding = 4; lastKnownFileType = sourcecode.c.h; path = Inspiration_FunctionHelper.h; sourceTree = "<group>"; };
		9AD45D2E177DA11400EFDD27 /* Inspiration_FunctionHelper.m */ = {isa = PBXFileReference; fileEncoding = 4; lastKnownFileType = sourcecode.c.objc; path = Inspiration_FunctionHelper.m; sourceTree = "<group>"; };
/* End PBXFileReference section */

/* Begin PBXFrameworksBuildPhase section */
		9AD45CD3177D760F00EFDD27 /* Frameworks */ = {
			isa = PBXFrameworksBuildPhase;
			buildActionMask = 2147483647;
			files = (
				7B10AE68178619FE00E8A8EC /* libz.dylib in Frameworks */,
				7B10AE66178619EC00E8A8EC /* MobileCoreServices.framework in Frameworks */,
				7B10AE64178619DD00E8A8EC /* SystemConfiguration.framework in Frameworks */,
				7B10AE62178619D000E8A8EC /* CFNetwork.framework in Frameworks */,
				7B7034171782356700CEF168 /* libZXingWidget.a in Frameworks */,
				7B7034161782355D00CEF168 /* libiconv.dylib in Frameworks */,
				9AC49CDE1780CD2B00197B12 /* AVFoundation.framework in Frameworks */,
				9AC49CE01780CD3C00197B12 /* CoreMedia.framework in Frameworks */,
				9AC49CE21780CD4800197B12 /* CoreVideo.framework in Frameworks */,
				7B7034141782353500CEF168 /* AudioToolbox.framework in Frameworks */,
				7B7034111782352200CEF168 /* AddressBook.framework in Frameworks */,
				7B7034121782352200CEF168 /* AddressBookUI.framework in Frameworks */,
				9AC49CE61780CD5E00197B12 /* QuartzCore.framework in Frameworks */,
				9AC49CE41780CD5300197B12 /* ImageIO.framework in Frameworks */,
				9AD45CDA177D760F00EFDD27 /* UIKit.framework in Frameworks */,
				9AD45CDC177D760F00EFDD27 /* Foundation.framework in Frameworks */,
				9AD45CDE177D760F00EFDD27 /* CoreGraphics.framework in Frameworks */,
			);
			runOnlyForDeploymentPostprocessing = 0;
		};
/* End PBXFrameworksBuildPhase section */

/* Begin PBXGroup section */
		7B7034021782347500CEF168 /* Products */ = {
			isa = PBXGroup;
			children = (
				7B70340A1782347600CEF168 /* libZXingWidget.a */,
				7B70340C1782347600CEF168 /* ZXingTests.octest */,
			);
			name = Products;
			sourceTree = "<group>";
		};
		7BBE3F0F1783092500E24225 /* Resource */ = {
			isa = PBXGroup;
			children = (
				7BBE3F101783092600E24225 /* beep-beep.aiff */,
			);
			path = Resource;
			sourceTree = "<group>";
		};
		9A36E90017839F1F00D05282 /* ASIHttpRequest */ = {
			isa = PBXGroup;
			children = (
				9A36E90117839F1F00D05282 /* Classes */,
				9A36E91617839F1F00D05282 /* External */,
			);
			path = ASIHttpRequest;
			sourceTree = "<group>";
		};
		9A36E90117839F1F00D05282 /* Classes */ = {
			isa = PBXGroup;
			children = (
				9A36E90217839F1F00D05282 /* ASIAuthenticationDialog.h */,
				9A36E90317839F1F00D05282 /* ASIAuthenticationDialog.m */,
				9A36E90417839F1F00D05282 /* ASICacheDelegate.h */,
				9A36E90517839F1F00D05282 /* ASIDataCompressor.h */,
				9A36E90617839F1F00D05282 /* ASIDataCompressor.m */,
				9A36E90717839F1F00D05282 /* ASIDataDecompressor.h */,
				9A36E90817839F1F00D05282 /* ASIDataDecompressor.m */,
				9A36E90917839F1F00D05282 /* ASIDownloadCache.h */,
				9A36E90A17839F1F00D05282 /* ASIDownloadCache.m */,
				9A36E90B17839F1F00D05282 /* ASIFormDataRequest.h */,
				9A36E90C17839F1F00D05282 /* ASIFormDataRequest.m */,
				9A36E90D17839F1F00D05282 /* ASIHTTPRequest.h */,
				9A36E90E17839F1F00D05282 /* ASIHTTPRequest.m */,
				9A36E90F17839F1F00D05282 /* ASIHTTPRequestConfig.h */,
				9A36E91017839F1F00D05282 /* ASIHTTPRequestDelegate.h */,
				9A36E91117839F1F00D05282 /* ASIInputStream.h */,
				9A36E91217839F1F00D05282 /* ASIInputStream.m */,
				9A36E91317839F1F00D05282 /* ASINetworkQueue.h */,
				9A36E91417839F1F00D05282 /* ASINetworkQueue.m */,
				9A36E91517839F1F00D05282 /* ASIProgressDelegate.h */,
			);
			path = Classes;
			sourceTree = "<group>";
		};
		9A36E91617839F1F00D05282 /* External */ = {
			isa = PBXGroup;
			children = (
				9A36E91717839F1F00D05282 /* Reachability */,
			);
			path = External;
			sourceTree = "<group>";
		};
		9A36E91717839F1F00D05282 /* Reachability */ = {
			isa = PBXGroup;
			children = (
				9A36E91817839F1F00D05282 /* Reachability.h */,
				9A36E91917839F1F00D05282 /* Reachability.m */,
			);
			path = Reachability;
			sourceTree = "<group>";
		};
		9A4E8918178BD98800F4D647 /* TBXML */ = {
			isa = PBXGroup;
			children = (
				9A4E8919178BD98800F4D647 /* TBXML+Compression.h */,
				9A4E891A178BD98800F4D647 /* TBXML+Compression.m */,
				9A4E891B178BD98800F4D647 /* TBXML+HTTP.h */,
				9A4E891C178BD98800F4D647 /* TBXML+HTTP.m */,
				9A4E891D178BD98800F4D647 /* TBXML.h */,
				9A4E891E178BD98800F4D647 /* TBXML.m */,
			);
			path = TBXML;
			sourceTree = "<group>";
		};
		9AD45CCD177D760F00EFDD27 = {
			isa = PBXGroup;
			children = (
				9AD45CDF177D760F00EFDD27 /* Mobile Management */,
				9AD45CD8177D760F00EFDD27 /* Frameworks */,
				9AD45CD7177D760F00EFDD27 /* Products */,
			);
			sourceTree = "<group>";
		};
		9AD45CD7177D760F00EFDD27 /* Products */ = {
			isa = PBXGroup;
			children = (
				9AD45CD6177D760F00EFDD27 /* Mobile Management.app */,
			);
			name = Products;
			sourceTree = "<group>";
		};
		9AD45CD8177D760F00EFDD27 /* Frameworks */ = {
			isa = PBXGroup;
			children = (
				7B10AE67178619FE00E8A8EC /* libz.dylib */,
				7B10AE65178619EC00E8A8EC /* MobileCoreServices.framework */,
				7B10AE63178619DD00E8A8EC /* SystemConfiguration.framework */,
				7B10AE61178619D000E8A8EC /* CFNetwork.framework */,
				7B7034151782355D00CEF168 /* libiconv.dylib */,
				7B7034131782353500CEF168 /* AudioToolbox.framework */,
				7B70340F1782352200CEF168 /* AddressBook.framework */,
				7B7034101782352200CEF168 /* AddressBookUI.framework */,
				9AC49CE51780CD5E00197B12 /* QuartzCore.framework */,
				9AC49CE31780CD5300197B12 /* ImageIO.framework */,
				9AC49CE11780CD4800197B12 /* CoreVideo.framework */,
				9AC49CDF1780CD3C00197B12 /* CoreMedia.framework */,
				9AC49CDD1780CD2B00197B12 /* AVFoundation.framework */,
				9AD45CD9177D760F00EFDD27 /* UIKit.framework */,
				9AD45CDB177D760F00EFDD27 /* Foundation.framework */,
				9AD45CDD177D760F00EFDD27 /* CoreGraphics.framework */,
			);
			name = Frameworks;
			sourceTree = "<group>";
		};
		9AD45CDF177D760F00EFDD27 /* Mobile Management */ = {
			isa = PBXGroup;
			children = (
				9AD45D2B177DA11400EFDD27 /* Ulities */,
				9AD45D16177D894700EFDD27 /* 01-MenuViewController */,
				9AD45D1A177D894800EFDD27 /* 02-ScanViewController */,
				9AD45D1E177D894800EFDD27 /* 03-BookingViewController */,
				9AD45CE8177D760F00EFDD27 /* AppDelegate.h */,
				9AD45CE9177D760F00EFDD27 /* AppDelegate.m */,
				7BBE3F0F1783092500E24225 /* Resource */,
				9AD45CE0177D760F00EFDD27 /* Supporting Files */,
			);
			path = "Mobile Management";
			sourceTree = "<group>";
		};
		9AD45CE0177D760F00EFDD27 /* Supporting Files */ = {
			isa = PBXGroup;
			children = (
				9A36E8FB1783954F00D05282 /* GeneralDefinition.h */,
				9AD45CE1177D760F00EFDD27 /* Mobile Management-Info.plist */,
				9AD45CE2177D760F00EFDD27 /* InfoPlist.strings */,
				9AD45CE5177D760F00EFDD27 /* main.m */,
				9AD45CE7177D760F00EFDD27 /* Mobile Management-Prefix.pch */,
				9AD45CEB177D760F00EFDD27 /* Default.png */,
				9AD45CED177D760F00EFDD27 /* Default@2x.png */,
				9AD45CEF177D760F00EFDD27 /* Default-568h@2x.png */,
			);
			name = "Supporting Files";
			sourceTree = "<group>";
		};
		9AD45D16177D894700EFDD27 /* 01-MenuViewController */ = {
			isa = PBXGroup;
			children = (
				9AD45D17177D894800EFDD27 /* MenuViewController.h */,
				9AD45D18177D894800EFDD27 /* MenuViewController.mm */,
				9AD45D19177D894800EFDD27 /* MenuViewController.xib */,
				7BF9F349179D8F9C00E0B142 /* MenuViewController_iphone.xib */,
			);
			path = "01-MenuViewController";
			sourceTree = "<group>";
		};
		9AD45D1A177D894800EFDD27 /* 02-ScanViewController */ = {
			isa = PBXGroup;
			children = (
				9AD45D1B177D894800EFDD27 /* ScanViewController.h */,
				9AD45D1C177D894800EFDD27 /* ScanViewController.mm */,
				9AD45D1D177D894800EFDD27 /* ScanViewController.xib */,
			);
			path = "02-ScanViewController";
			sourceTree = "<group>";
		};
		9AD45D1E177D894800EFDD27 /* 03-BookingViewController */ = {
			isa = PBXGroup;
			children = (
				9AD45D1F177D894800EFDD27 /* BookingViewController.h */,
				9AD45D20177D894800EFDD27 /* BookingViewController.m */,
				9AD45D21177D894800EFDD27 /* BookingViewController.xib */,
			);
			path = "03-BookingViewController";
			sourceTree = "<group>";
		};
		9AD45D2B177DA11400EFDD27 /* Ulities */ = {
			isa = PBXGroup;
			children = (
				9A4E8918178BD98800F4D647 /* TBXML */,
				9A36E90017839F1F00D05282 /* ASIHttpRequest */,
				7B7034011782347500CEF168 /* ZXingWidget.xcodeproj */,
				9AD45D2C177DA11400EFDD27 /* Inspiration_Definition.h */,
				9AD45D2D177DA11400EFDD27 /* Inspiration_FunctionHelper.h */,
				9AD45D2E177DA11400EFDD27 /* Inspiration_FunctionHelper.m */,
				9A36E8FC17839CDA00D05282 /* APIManagement.h */,
				9A36E8FD17839CDA00D05282 /* APIManagement.m */,
				9A36E9231783A2DE00D05282 /* ProductViewCell.h */,
				9A36E9241783A2DE00D05282 /* ProductViewCell.m */,
				9A36E9261783A2F900D05282 /* ProductViewCell.xib */,
			);
			path = Ulities;
			sourceTree = "<group>";
		};
/* End PBXGroup section */

/* Begin PBXNativeTarget section */
		9AD45CD5177D760F00EFDD27 /* Mobile Management */ = {
			isa = PBXNativeTarget;
			buildConfigurationList = 9AD45CF3177D760F00EFDD27 /* Build configuration list for PBXNativeTarget "Mobile Management" */;
			buildPhases = (
				9AD45CD2177D760F00EFDD27 /* Sources */,
				9AD45CD3177D760F00EFDD27 /* Frameworks */,
				9AD45CD4177D760F00EFDD27 /* Resources */,
			);
			buildRules = (
			);
			dependencies = (
				7B70340E178234FC00CEF168 /* PBXTargetDependency */,
			);
			name = "Mobile Management";
			productName = "Mobile Management";
			productReference = 9AD45CD6177D760F00EFDD27 /* Mobile Management.app */;
			productType = "com.apple.product-type.application";
		};
/* End PBXNativeTarget section */

/* Begin PBXProject section */
		9AD45CCE177D760F00EFDD27 /* Project object */ = {
			isa = PBXProject;
			attributes = {
				LastUpgradeCheck = 0460;
				ORGANIZATIONNAME = TranTo;
			};
			buildConfigurationList = 9AD45CD1177D760F00EFDD27 /* Build configuration list for PBXProject "Mobile Management" */;
			compatibilityVersion = "Xcode 3.2";
			developmentRegion = English;
			hasScannedForEncodings = 0;
			knownRegions = (
				en,
				de,
				fr,
				sv,
			);
			mainGroup = 9AD45CCD177D760F00EFDD27;
			productRefGroup = 9AD45CD7177D760F00EFDD27 /* Products */;
			projectDirPath = "";
			projectReferences = (
				{
					ProductGroup = 7B7034021782347500CEF168 /* Products */;
					ProjectRef = 7B7034011782347500CEF168 /* ZXingWidget.xcodeproj */;
				},
			);
			projectRoot = "";
			targets = (
				9AD45CD5177D760F00EFDD27 /* Mobile Management */,
			);
		};
/* End PBXProject section */

/* Begin PBXReferenceProxy section */
		7B70340A1782347600CEF168 /* libZXingWidget.a */ = {
			isa = PBXReferenceProxy;
			fileType = archive.ar;
			path = libZXingWidget.a;
			remoteRef = 7B7034091782347600CEF168 /* PBXContainerItemProxy */;
			sourceTree = BUILT_PRODUCTS_DIR;
		};
		7B70340C1782347600CEF168 /* ZXingTests.octest */ = {
			isa = PBXReferenceProxy;
			fileType = wrapper.cfbundle;
			path = ZXingTests.octest;
			remoteRef = 7B70340B1782347600CEF168 /* PBXContainerItemProxy */;
			sourceTree = BUILT_PRODUCTS_DIR;
		};
/* End PBXReferenceProxy section */

/* Begin PBXResourcesBuildPhase section */
		9AD45CD4177D760F00EFDD27 /* Resources */ = {
			isa = PBXResourcesBuildPhase;
			buildActionMask = 2147483647;
			files = (
				9AD45CE4177D760F00EFDD27 /* InfoPlist.strings in Resources */,
				9AD45CEC177D760F00EFDD27 /* Default.png in Resources */,
				9AD45CEE177D760F00EFDD27 /* Default@2x.png in Resources */,
				9AD45CF0177D760F00EFDD27 /* Default-568h@2x.png in Resources */,
				7BBE3F111783092600E24225 /* beep-beep.aiff in Resources */,
				9A36E9271783A2F900D05282 /* ProductViewCell.xib in Resources */,
				7BF9F34A179D8F9C00E0B142 /* MenuViewController_iphone.xib in Resources */,
			);
			runOnlyForDeploymentPostprocessing = 0;
		};
/* End PBXResourcesBuildPhase section */

/* Begin PBXSourcesBuildPhase section */
		9AD45CD2177D760F00EFDD27 /* Sources */ = {
			isa = PBXSourcesBuildPhase;
			buildActionMask = 2147483647;
			files = (
				9AD45D22177D895600EFDD27 /* MenuViewController.h in Sources */,
				9AD45D23177D895600EFDD27 /* MenuViewController.mm in Sources */,
				9AD45D24177D895600EFDD27 /* MenuViewController.xib in Sources */,
				9AD45D25177D895600EFDD27 /* ScanViewController.h in Sources */,
				9AD45D26177D895600EFDD27 /* ScanViewController.mm in Sources */,
				9AD45D27177D895600EFDD27 /* ScanViewController.xib in Sources */,
				9AD45D28177D895600EFDD27 /* BookingViewController.h in Sources */,
				9AD45D29177D895600EFDD27 /* BookingViewController.m in Sources */,
				9AD45D2A177D895600EFDD27 /* BookingViewController.xib in Sources */,
				9AD45CE6177D760F00EFDD27 /* main.m in Sources */,
				9AD45CEA177D760F00EFDD27 /* AppDelegate.m in Sources */,
				9AD45D2F177DA11400EFDD27 /* Inspiration_FunctionHelper.m in Sources */,
				9A36E8FE17839CDA00D05282 /* APIManagement.m in Sources */,
				9A36E91A17839F1F00D05282 /* ASIAuthenticationDialog.m in Sources */,
				9A36E91B17839F1F00D05282 /* ASIDataCompressor.m in Sources */,
				9A36E91C17839F1F00D05282 /* ASIDataDecompressor.m in Sources */,
				9A36E91D17839F1F00D05282 /* ASIDownloadCache.m in Sources */,
				9A36E91E17839F1F00D05282 /* ASIFormDataRequest.m in Sources */,
				9A36E91F17839F1F00D05282 /* ASIHTTPRequest.m in Sources */,
				9A36E92017839F1F00D05282 /* ASIInputStream.m in Sources */,
				9A36E92117839F1F00D05282 /* ASINetworkQueue.m in Sources */,
				9A36E92217839F1F00D05282 /* Reachability.m in Sources */,
				9A36E9251783A2DE00D05282 /* ProductViewCell.m in Sources */,
				9A4E891F178BD98800F4D647 /* TBXML+Compression.m in Sources */,
				9A4E8920178BD98800F4D647 /* TBXML+HTTP.m in Sources */,
				9A4E8921178BD98800F4D647 /* TBXML.m in Sources */,
			);
			runOnlyForDeploymentPostprocessing = 0;
		};
/* End PBXSourcesBuildPhase section */

/* Begin PBXTargetDependency section */
		7B70340E178234FC00CEF168 /* PBXTargetDependency */ = {
			isa = PBXTargetDependency;
			name = ZXingWidget;
			targetProxy = 7B70340D178234FC00CEF168 /* PBXContainerItemProxy */;
		};
/* End PBXTargetDependency section */

/* Begin PBXVariantGroup section */
		9AD45CE2177D760F00EFDD27 /* InfoPlist.strings */ = {
			isa = PBXVariantGroup;
			children = (
				9AD45CE3177D760F00EFDD27 /* en */,
			);
			name = InfoPlist.strings;
			sourceTree = "<group>";
		};
/* End PBXVariantGroup section */

/* Begin XCBuildConfiguration section */
		9AD45CF1177D760F00EFDD27 /* Debug */ = {
			isa = XCBuildConfiguration;
			buildSettings = {
				ALWAYS_SEARCH_USER_PATHS = NO;
				CLANG_CXX_LANGUAGE_STANDARD = "gnu++0x";
				CLANG_CXX_LIBRARY = "libc++";
				CLANG_WARN_CONSTANT_CONVERSION = YES;
				CLANG_WARN_EMPTY_BODY = YES;
				CLANG_WARN_ENUM_CONVERSION = YES;
				CLANG_WARN_INT_CONVERSION = YES;
				CLANG_WARN__DUPLICATE_METHOD_MATCH = YES;
				"CODE_SIGN_IDENTITY[sdk=iphoneos*]" = "iPhone Developer";
				COPY_PHASE_STRIP = NO;
				GCC_C_LANGUAGE_STANDARD = gnu99;
				GCC_DYNAMIC_NO_PIC = NO;
				GCC_OPTIMIZATION_LEVEL = 0;
				GCC_PREPROCESSOR_DEFINITIONS = (
					"DEBUG=1",
					"$(inherited)",
				);
				GCC_SYMBOLS_PRIVATE_EXTERN = NO;
				GCC_WARN_ABOUT_RETURN_TYPE = YES;
				GCC_WARN_UNINITIALIZED_AUTOS = YES;
				GCC_WARN_UNUSED_VARIABLE = YES;
				IPHONEOS_DEPLOYMENT_TARGET = 5.0;
				ONLY_ACTIVE_ARCH = YES;
				SDKROOT = iphoneos;
				TARGETED_DEVICE_FAMILY = 2;
			};
			name = Debug;
		};
		9AD45CF2177D760F00EFDD27 /* Release */ = {
			isa = XCBuildConfiguration;
			buildSettings = {
				ALWAYS_SEARCH_USER_PATHS = NO;
				CLANG_CXX_LANGUAGE_STANDARD = "gnu++0x";
				CLANG_CXX_LIBRARY = "libc++";
				CLANG_WARN_CONSTANT_CONVERSION = YES;
				CLANG_WARN_EMPTY_BODY = YES;
				CLANG_WARN_ENUM_CONVERSION = YES;
				CLANG_WARN_INT_CONVERSION = YES;
				CLANG_WARN__DUPLICATE_METHOD_MATCH = YES;
				"CODE_SIGN_IDENTITY[sdk=iphoneos*]" = "iPhone Developer";
				COPY_PHASE_STRIP = YES;
				GCC_C_LANGUAGE_STANDARD = gnu99;
				GCC_WARN_ABOUT_RETURN_TYPE = YES;
				GCC_WARN_UNINITIALIZED_AUTOS = YES;
				GCC_WARN_UNUSED_VARIABLE = YES;
				IPHONEOS_DEPLOYMENT_TARGET = 5.0;
				OTHER_CFLAGS = "-DNS_BLOCK_ASSERTIONS=1";
				SDKROOT = iphoneos;
				TARGETED_DEVICE_FAMILY = 2;
				VALIDATE_PRODUCT = YES;
			};
			name = Release;
		};
		9AD45CF4177D760F00EFDD27 /* Debug */ = {
			isa = XCBuildConfiguration;
			buildSettings = {
				CLANG_CXX_LANGUAGE_STANDARD = "compiler-default";
				CLANG_CXX_LIBRARY = "compiler-default";
				CODE_SIGN_IDENTITY = "iPhone Developer: Michael Nguyen (6377A6RM9B)";
				"CODE_SIGN_IDENTITY[sdk=iphoneos*]" = "iPhone Developer: Michael Nguyen (6377A6RM9B)";
				GCC_PRECOMPILE_PREFIX_HEADER = YES;
				GCC_PREFIX_HEADER = "Mobile Management/Mobile Management-Prefix.pch";
				HEADER_SEARCH_PATHS = (
					"iphone/ZXingWidget/Classes/**",
					cpp/core/src/,
				);
				INFOPLIST_FILE = "Mobile Management/Mobile Management-Info.plist";
				PRODUCT_NAME = "$(TARGET_NAME)";
				PROVISIONING_PROFILE = "4FAC2846-64D6-4ED7-92B2-7C657E785EE9";
				"PROVISIONING_PROFILE[sdk=iphoneos*]" = "4FAC2846-64D6-4ED7-92B2-7C657E785EE9";
				TARGETED_DEVICE_FAMILY = "1,2";
				WRAPPER_EXTENSION = app;
			};
			name = Debug;
		};
		9AD45CF5177D760F00EFDD27 /* Release */ = {
			isa = XCBuildConfiguration;
			buildSettings = {
				CLANG_CXX_LANGUAGE_STANDARD = "compiler-default";
				CLANG_CXX_LIBRARY = "compiler-default";
				CODE_SIGN_IDENTITY = "iPhone Developer: Michael Nguyen (6377A6RM9B)";
				"CODE_SIGN_IDENTITY[sdk=iphoneos*]" = "iPhone Developer: Michael Nguyen (6377A6RM9B)";
				GCC_PRECOMPILE_PREFIX_HEADER = YES;
				GCC_PREFIX_HEADER = "Mobile Management/Mobile Management-Prefix.pch";
				HEADER_SEARCH_PATHS = (
					"iphone/ZXingWidget/Classes/**",
					cpp/core/src/,
				);
				INFOPLIST_FILE = "Mobile Management/Mobile Management-Info.plist";
				PRODUCT_NAME = "$(TARGET_NAME)";
				PROVISIONING_PROFILE = "4FAC2846-64D6-4ED7-92B2-7C657E785EE9";
				"PROVISIONING_PROFILE[sdk=iphoneos*]" = "4FAC2846-64D6-4ED7-92B2-7C657E785EE9";
				TARGETED_DEVICE_FAMILY = "1,2";
				WRAPPER_EXTENSION = app;
			};
			name = Release;
		};
/* End XCBuildConfiguration section */

/* Begin XCConfigurationList section */
		9AD45CD1177D760F00EFDD27 /* Build configuration list for PBXProject "Mobile Management" */ = {
			isa = XCConfigurationList;
			buildConfigurations = (
				9AD45CF1177D760F00EFDD27 /* Debug */,
				9AD45CF2177D760F00EFDD27 /* Release */,
			);
			defaultConfigurationIsVisible = 0;
			defaultConfigurationName = Release;
		};
		9AD45CF3177D760F00EFDD27 /* Build configuration list for PBXNativeTarget "Mobile Management" */ = {
			isa = XCConfigurationList;
			buildConfigurations = (
				9AD45CF4177D760F00EFDD27 /* Debug */,
				9AD45CF5177D760F00EFDD27 /* Release */,
			);
			defaultConfigurationIsVisible = 0;
			defaultConfigurationName = Release;
		};
/* End XCConfigurationList section */
	};
	rootObject = 9AD45CCE177D760F00EFDD27 /* Project object */;
}
